
Microsoft Visual Studio Solution File, Format Version 12.00
# Visual Studio Version 17
VisualStudioVersion = 17.4.33122.133
MinimumVisualStudioVersion = 10.0.40219.1
Project("{9A19103F-16F7-4668-BE54-9A1E7A4F7556}") = "RealTimeGraphX.WPF", "RealTimeGraphX.WPF\RealTimeGraphX.WPF.csproj", "{B1BDF16E-337B-41AB-98A2-21BD82D9B820}"
EndProject
Project("{9A19103F-16F7-4668-BE54-9A1E7A4F7556}") = "alg-Game-Life", "alg-Game-Life\alg-Game-Life.csproj", "{69EF78EE-D336-4C6C-B4F7-0686E6963862}"
EndProject
Project("{9A19103F-16F7-4668-BE54-9A1E7A4F7556}") = "RealTimeGraphX", "RealTimeGraphX\RealTimeGraphX.csproj", "{D1EF311F-7955-4FBD-B417-1DCC04B67F23}"
EndProject
Global
	GlobalSection(SolutionConfigurationPlatforms) = preSolution
		Debug|Any CPU = Debug|Any CPU
		Release|Any CPU = Release|Any CPU
	EndGlobalSection
	GlobalSection(ProjectConfigurationPlatforms) = postSolution
		{B1BDF16E-337B-41AB-98A2-21BD82D9B820}.Debug|Any CPU.ActiveCfg = Debug|Any CPU
		{B1BDF16E-337B-41AB-98A2-21BD82D9B820}.Debug|Any CPU.Build.0 = Debug|Any CPU
		{B1BDF16E-337B-41AB-98A2-21BD82D9B820}.Release|Any CPU.ActiveCfg = Release|Any CPU
		{B1BDF16E-337B-41AB-98A2-21BD82D9B820}.Release|Any CPU.Build.0 = Release|Any CPU
		{69EF78EE-D336-4C6C-B4F7-0686E6963862}.Debug|Any CPU.ActiveCfg = Debug|Any CPU
		{69EF78EE-D336-4C6C-B4F7-0686E6963862}.Debug|Any CPU.Build.0 = Debug|Any CPU
		{69EF78EE-D336-4C6C-B4F7-0686E6963862}.Release|Any CPU.ActiveCfg = Release|Any CPU
		{69EF78EE-D336-4C6C-B4F7-0686E6963862}.Release|Any CPU.Build.0 = Release|Any CPU
		{D1EF311F-7955-4FBD-B417-1DCC04B67F23}.Debug|Any CPU.ActiveCfg = Debug|Any CPU
		{D1EF311F-7955-4FBD-B417-1DCC04B67F23}.Debug|Any CPU.Build.0 = Debug|Any CPU
		{D1EF311F-7955-4FBD-B417-1DCC04B67F23}.Release|Any CPU.ActiveCfg = Release|Any CPU
		{D1EF311F-7955-4FBD-B417-1DCC04B67F23}.Release|Any CPU.Build.0 = Release|Any CPU
	EndGlobalSection
	GlobalSection(SolutionProperties) = preSolution
		HideSolutionNode = FALSE
	EndGlobalSection
	GlobalSection(ExtensibilityGlobals) = postSolution
		SolutionGuid = {90592C09-533E-495B-9CD4-654452A29429}
	EndGlobalSection
EndGlobal
